
Microsoft Visual Studio Solution File, Format Version 12.00
# Visual Studio 14
VisualStudioVersion = 14.0.24720.0
MinimumVisualStudioVersion = 10.0.40219.1
Project("{FAE04EC0-301F-11D3-BF4B-00C04F79EFBC}") = "Bundle.Profile.Client", "Bundle.Profile.Client\Bundle.Profile.Client.csproj", "{FB873761-0B89-479B-BF38-68F158BE7B32}"
EndProject
Project("{FAE04EC0-301F-11D3-BF4B-00C04F79EFBC}") = "DealerPortalCRM", "DealerPortalCRM\DealerPortalCRM.csproj", "{ACF30D86-DEB3-4B60-B0D0-AC201FD7D2F9}"
EndProject
Project("{E24C65DC-7377-472B-9ABA-BC803B73C61A}") = "Sites", "Sites\", "{0AEB6828-BFDF-437B-A3D8-76351FB93BEC}"
	ProjectSection(WebsiteProperties) = preProject
		TargetFrameworkMoniker = ".NETFramework,Version%3Dv4.5"
		Debug.AspNetCompiler.VirtualPath = "/localhost_26109"
		Debug.AspNetCompiler.PhysicalPath = "Sites\"
		Debug.AspNetCompiler.TargetPath = "PrecompiledWeb\localhost_26109\"
		Debug.AspNetCompiler.Updateable = "true"
		Debug.AspNetCompiler.ForceOverwrite = "true"
		Debug.AspNetCompiler.FixedNames = "false"
		Debug.AspNetCompiler.Debug = "True"
		Release.AspNetCompiler.VirtualPath = "/localhost_26109"
		Release.AspNetCompiler.PhysicalPath = "Sites\"
		Release.AspNetCompiler.TargetPath = "PrecompiledWeb\localhost_26109\"
		Release.AspNetCompiler.Updateable = "true"
		Release.AspNetCompiler.ForceOverwrite = "true"
		Release.AspNetCompiler.FixedNames = "false"
		Release.AspNetCompiler.Debug = "False"
		VWDPort = "26109"
		SlnRelativePath = "Sites\"
		DefaultWebSiteLanguage = "Visual C#"
	EndProjectSection
EndProject
Global
	GlobalSection(SolutionConfigurationPlatforms) = preSolution
		Debug|Any CPU = Debug|Any CPU
		Release|Any CPU = Release|Any CPU
	EndGlobalSection
	GlobalSection(ProjectConfigurationPlatforms) = postSolution
		{FB873761-0B89-479B-BF38-68F158BE7B32}.Debug|Any CPU.ActiveCfg = Debug|Any CPU
		{FB873761-0B89-479B-BF38-68F158BE7B32}.Debug|Any CPU.Build.0 = Debug|Any CPU
		{FB873761-0B89-479B-BF38-68F158BE7B32}.Release|Any CPU.ActiveCfg = Release|Any CPU
		{FB873761-0B89-479B-BF38-68F158BE7B32}.Release|Any CPU.Build.0 = Release|Any CPU
		{ACF30D86-DEB3-4B60-B0D0-AC201FD7D2F9}.Debug|Any CPU.ActiveCfg = Debug|Any CPU
		{ACF30D86-DEB3-4B60-B0D0-AC201FD7D2F9}.Debug|Any CPU.Build.0 = Debug|Any CPU
		{ACF30D86-DEB3-4B60-B0D0-AC201FD7D2F9}.Release|Any CPU.ActiveCfg = Release|Any CPU
		{ACF30D86-DEB3-4B60-B0D0-AC201FD7D2F9}.Release|Any CPU.Build.0 = Release|Any CPU
		{0AEB6828-BFDF-437B-A3D8-76351FB93BEC}.Debug|Any CPU.ActiveCfg = Debug|Any CPU
		{0AEB6828-BFDF-437B-A3D8-76351FB93BEC}.Debug|Any CPU.Build.0 = Debug|Any CPU
		{0AEB6828-BFDF-437B-A3D8-76351FB93BEC}.Release|Any CPU.ActiveCfg = Debug|Any CPU
		{0AEB6828-BFDF-437B-A3D8-76351FB93BEC}.Release|Any CPU.Build.0 = Debug|Any CPU
	EndGlobalSection
	GlobalSection(SolutionProperties) = preSolution
		HideSolutionNode = FALSE
	EndGlobalSection
EndGlobal
